// !$*UTF8*$!
{
	objectVersion = 77;
	classes = {
	};
	objects = {

/* Begin PBXBuildFile section */
		A00000000000000000000001 /* MacLaunchApp.swift in Sources */ = {isa = PBXBuildFile; fileRef = A00000000000000000000011 /* MacLaunchApp.swift */; };
		A00000000000000000000002 /* LaunchpadView.swift in Sources */ = {isa = PBXBuildFile; fileRef = A00000000000000000000012 /* LaunchpadView.swift */; };
		A00000000000000000000003 /* AppCatalog.swift in Sources */ = {isa = PBXBuildFile; fileRef = A00000000000000000000013 /* AppCatalog.swift */; };
		A00000000000000000000004 /* AppInfo.swift in Sources */ = {isa = PBXBuildFile; fileRef = A00000000000000000000014 /* AppInfo.swift */; };
		A00000000000000000000005 /* EscapeKeyHandler.swift in Sources */ = {isa = PBXBuildFile; fileRef = A00000000000000000000015 /* EscapeKeyHandler.swift */; };
		A00000000000000000000006 /* HotKeyManager.swift in Sources */ = {isa = PBXBuildFile; fileRef = A00000000000000000000016 /* HotKeyManager.swift */; };
		A00000000000000000000007 /* LaunchPanelController.swift in Sources */ = {isa = PBXBuildFile; fileRef = A00000000000000000000017 /* LaunchPanelController.swift */; };
		A00000000000000000000008 /* LauncherNotifications.swift in Sources */ = {isa = PBXBuildFile; fileRef = A0000000000000000000001B /* LauncherNotifications.swift */; };
		A00000000000000000000026 /* AppSettings.swift in Sources */ = {isa = PBXBuildFile; fileRef = A0000000000000000000001C /* AppSettings.swift */; };
		A00000000000000000000027 /* SettingsView.swift in Sources */ = {isa = PBXBuildFile; fileRef = A0000000000000000000001D /* SettingsView.swift */; };
		A00000000000000000000028 /* BackgroundDismissView.swift in Sources */ = {isa = PBXBuildFile; fileRef = A0000000000000000000001E /* BackgroundDismissView.swift */; };
		A0000000000000000000002A /* Assets.xcassets in Resources */ = {isa = PBXBuildFile; fileRef = A0000000000000000000002B /* Assets.xcassets */; };
/* End PBXBuildFile section */

/* Begin PBXFileReference section */
		A0000000000000000000000A /* MacLaunch.app */ = {isa = PBXFileReference; explicitFileType = wrapper.application; includeInIndex = 0; path = MacLaunch.app; sourceTree = BUILT_PRODUCTS_DIR; };
		A00000000000000000000011 /* MacLaunchApp.swift */ = {isa = PBXFileReference; lastKnownFileType = sourcecode.swift; path = MacLaunchApp.swift; sourceTree = "<group>"; };
		A00000000000000000000012 /* LaunchpadView.swift */ = {isa = PBXFileReference; lastKnownFileType = sourcecode.swift; path = LaunchpadView.swift; sourceTree = "<group>"; };
		A00000000000000000000013 /* AppCatalog.swift */ = {isa = PBXFileReference; lastKnownFileType = sourcecode.swift; path = AppCatalog.swift; sourceTree = "<group>"; };
		A00000000000000000000014 /* AppInfo.swift */ = {isa = PBXFileReference; lastKnownFileType = sourcecode.swift; path = AppInfo.swift; sourceTree = "<group>"; };
		A00000000000000000000015 /* EscapeKeyHandler.swift */ = {isa = PBXFileReference; lastKnownFileType = sourcecode.swift; path = EscapeKeyHandler.swift; sourceTree = "<group>"; };
		A00000000000000000000016 /* HotKeyManager.swift */ = {isa = PBXFileReference; lastKnownFileType = sourcecode.swift; path = HotKeyManager.swift; sourceTree = "<group>"; };
		A00000000000000000000017 /* LaunchPanelController.swift */ = {isa = PBXFileReference; lastKnownFileType = sourcecode.swift; path = LaunchPanelController.swift; sourceTree = "<group>"; };
		A0000000000000000000001B /* LauncherNotifications.swift */ = {isa = PBXFileReference; lastKnownFileType = sourcecode.swift; path = LauncherNotifications.swift; sourceTree = "<group>"; };
		A0000000000000000000001C /* AppSettings.swift */ = {isa = PBXFileReference; lastKnownFileType = sourcecode.swift; path = AppSettings.swift; sourceTree = "<group>"; };
		A0000000000000000000001D /* SettingsView.swift */ = {isa = PBXFileReference; lastKnownFileType = sourcecode.swift; path = SettingsView.swift; sourceTree = "<group>"; };
		A0000000000000000000001E /* BackgroundDismissView.swift */ = {isa = PBXFileReference; lastKnownFileType = sourcecode.swift; path = BackgroundDismissView.swift; sourceTree = "<group>"; };
		A0000000000000000000002B /* Assets.xcassets */ = {isa = PBXFileReference; lastKnownFileType = folder.assetcatalog; path = Assets.xcassets; sourceTree = "<group>"; };
/* End PBXFileReference section */

/* Begin PBXFrameworksBuildPhase section */
		A0000000000000000000001A /* Frameworks */ = {
			isa = PBXFrameworksBuildPhase;
			buildActionMask = 2147483647;
			files = (
			);
			runOnlyForDeploymentPostprocessing = 0;
		};
/* End PBXFrameworksBuildPhase section */

/* Begin PBXGroup section */
		A0000000000000000000000B = {
			isa = PBXGroup;
			children = (
				A0000000000000000000000C /* MacLaunch */,
				A0000000000000000000000D /* Products */,
			);
			sourceTree = "<group>";
		};
		A0000000000000000000000C /* MacLaunch */ = {
			isa = PBXGroup;
			children = (
				A0000000000000000000002B /* Assets.xcassets */,
				A00000000000000000000013 /* AppCatalog.swift */,
				A0000000000000000000001C /* AppSettings.swift */,
				A00000000000000000000014 /* AppInfo.swift */,
				A00000000000000000000015 /* EscapeKeyHandler.swift */,
				A00000000000000000000016 /* HotKeyManager.swift */,
				A00000000000000000000017 /* LaunchPanelController.swift */,
				A0000000000000000000001E /* BackgroundDismissView.swift */,
				A00000000000000000000012 /* LaunchpadView.swift */,
				A0000000000000000000001B /* LauncherNotifications.swift */,
				A00000000000000000000011 /* MacLaunchApp.swift */,
				A0000000000000000000001D /* SettingsView.swift */,
			);
			path = MacLaunch;
			sourceTree = "<group>";
		};
		A0000000000000000000000D /* Products */ = {
			isa = PBXGroup;
			children = (
				A0000000000000000000000A /* MacLaunch.app */,
			);
			name = Products;
			sourceTree = "<group>";
		};
/* End PBXGroup section */

/* Begin PBXNativeTarget section */
		A0000000000000000000000E /* MacLaunch */ = {
			isa = PBXNativeTarget;
			buildConfigurationList = A00000000000000000000023 /* Build configuration list for PBXNativeTarget "MacLaunch" */;
			buildPhases = (
				A00000000000000000000018 /* Sources */,
				A0000000000000000000001A /* Frameworks */,
				A00000000000000000000019 /* Resources */,
			);
			buildRules = (
			);
			dependencies = (
			);
			fileSystemSynchronizedGroups = (
			);
			name = MacLaunch;
			packageProductDependencies = (
			);
			productName = MacLaunch;
			productReference = A0000000000000000000000A /* MacLaunch.app */;
			productType = "com.apple.product-type.application";
		};
/* End PBXNativeTarget section */

/* Begin PBXProject section */
		A0000000000000000000000F /* Project object */ = {
			isa = PBXProject;
			attributes = {
				BuildIndependentTargetsInParallel = 1;
				LastSwiftUpdateCheck = 2630;
				LastUpgradeCheck = 2630;
				TargetAttributes = {
					A0000000000000000000000E = {
						CreatedOnToolsVersion = 26.3;
					};
				};
			};
			buildConfigurationList = A00000000000000000000020 /* Build configuration list for PBXProject "MacLaunch" */;
			developmentRegion = en;
			hasScannedForEncodings = 0;
			knownRegions = (
				en,
				Base,
			);
			mainGroup = A0000000000000000000000B;
			minimizedProjectReferenceProxies = 1;
			preferredProjectObjectVersion = 77;
			productRefGroup = A0000000000000000000000D /* Products */;
			projectDirPath = "";
			projectRoot = "";
			targets = (
				A0000000000000000000000E /* MacLaunch */,
			);
		};
/* End PBXProject section */

/* Begin PBXResourcesBuildPhase section */
		A00000000000000000000019 /* Resources */ = {
			isa = PBXResourcesBuildPhase;
			buildActionMask = 2147483647;
			files = (
				A0000000000000000000002A /* Assets.xcassets in Resources */,
			);
			runOnlyForDeploymentPostprocessing = 0;
		};
/* End PBXResourcesBuildPhase section */

/* Begin PBXSourcesBuildPhase section */
		A00000000000000000000018 /* Sources */ = {
			isa = PBXSourcesBuildPhase;
			buildActionMask = 2147483647;
			files = (
				A00000000000000000000003 /* AppCatalog.swift in Sources */,
				A00000000000000000000026 /* AppSettings.swift in Sources */,
				A00000000000000000000004 /* AppInfo.swift in Sources */,
				A00000000000000000000005 /* EscapeKeyHandler.swift in Sources */,
				A00000000000000000000028 /* BackgroundDismissView.swift in Sources */,
				A00000000000000000000006 /* HotKeyManager.swift in Sources */,
				A00000000000000000000007 /* LaunchPanelController.swift in Sources */,
				A00000000000000000000002 /* LaunchpadView.swift in Sources */,
				A00000000000000000000008 /* LauncherNotifications.swift in Sources */,
				A00000000000000000000001 /* MacLaunchApp.swift in Sources */,
				A00000000000000000000027 /* SettingsView.swift in Sources */,
			);
			runOnlyForDeploymentPostprocessing = 0;
		};
/* End PBXSourcesBuildPhase section */

/* Begin XCBuildConfiguration section */
		A00000000000000000000021 /* Debug */ = {
			isa = XCBuildConfiguration;
			buildSettings = {
				ALWAYS_SEARCH_USER_PATHS = NO;
				CLANG_ENABLE_MODULES = YES;
				CODE_SIGN_STYLE = Automatic;
				COPY_PHASE_STRIP = NO;
				DEBUG_INFORMATION_FORMAT = dwarf;
				ENABLE_STRICT_OBJC_MSGSEND = YES;
				GCC_C_LANGUAGE_STANDARD = gnu17;
				GCC_NO_COMMON_BLOCKS = YES;
				GCC_OPTIMIZATION_LEVEL = 0;
				GCC_PREPROCESSOR_DEFINITIONS = (
					"DEBUG=1",
					"$(inherited)",
				);
				MACOSX_DEPLOYMENT_TARGET = 15.0;
				SDKROOT = macosx;
				SWIFT_ACTIVE_COMPILATION_CONDITIONS = "DEBUG $(inherited)";
				SWIFT_OPTIMIZATION_LEVEL = "-Onone";
			};
			name = Debug;
		};
		A00000000000000000000022 /* Release */ = {
			isa = XCBuildConfiguration;
			buildSettings = {
				ALWAYS_SEARCH_USER_PATHS = NO;
				CLANG_ENABLE_MODULES = YES;
				CODE_SIGN_STYLE = Automatic;
				COPY_PHASE_STRIP = NO;
				DEBUG_INFORMATION_FORMAT = "dwarf-with-dsym";
				ENABLE_NS_ASSERTIONS = NO;
				ENABLE_STRICT_OBJC_MSGSEND = YES;
				GCC_C_LANGUAGE_STANDARD = gnu17;
				GCC_NO_COMMON_BLOCKS = YES;
				MACOSX_DEPLOYMENT_TARGET = 15.0;
				SDKROOT = macosx;
				SWIFT_COMPILATION_MODE = wholemodule;
				VALIDATE_PRODUCT = YES;
			};
			name = Release;
		};
		A00000000000000000000024 /* Debug */ = {
			isa = XCBuildConfiguration;
			buildSettings = {
				ASSETCATALOG_COMPILER_APPICON_NAME = AppIcon;
				CODE_SIGN_STYLE = Automatic;
				CURRENT_PROJECT_VERSION = 1;
				DEVELOPMENT_TEAM = "";
				ENABLE_HARDENED_RUNTIME = YES;
				GENERATE_INFOPLIST_FILE = YES;
				INFOPLIST_KEY_CFBundleDisplayName = "Mac Launch";
				INFOPLIST_KEY_LSApplicationCategoryType = "public.app-category.productivity";
				INFOPLIST_KEY_NSHumanReadableCopyright = "";
				LD_RUNPATH_SEARCH_PATHS = (
					"$(inherited)",
					"@executable_path/../Frameworks",
				);
				MACOSX_DEPLOYMENT_TARGET = 15.0;
				MARKETING_VERSION = 1.0;
				PRODUCT_BUNDLE_IDENTIFIER = com.ryan.MacLaunch;
				PRODUCT_NAME = "$(TARGET_NAME)";
				REGISTER_APP_GROUPS = NO;
				SWIFT_EMIT_LOC_STRINGS = YES;
				SWIFT_VERSION = 6.0;
			};
			name = Debug;
		};
		A00000000000000000000025 /* Release */ = {
			isa = XCBuildConfiguration;
			buildSettings = {
				ASSETCATALOG_COMPILER_APPICON_NAME = AppIcon;
				CODE_SIGN_STYLE = Automatic;
				CURRENT_PROJECT_VERSION = 1;
				DEVELOPMENT_TEAM = "";
				ENABLE_HARDENED_RUNTIME = YES;
				GENERATE_INFOPLIST_FILE = YES;
				INFOPLIST_KEY_CFBundleDisplayName = "Mac Launch";
				INFOPLIST_KEY_LSApplicationCategoryType = "public.app-category.productivity";
				INFOPLIST_KEY_NSHumanReadableCopyright = "";
				LD_RUNPATH_SEARCH_PATHS = (
					"$(inherited)",
					"@executable_path/../Frameworks",
				);
				MACOSX_DEPLOYMENT_TARGET = 15.0;
				MARKETING_VERSION = 1.0;
				PRODUCT_BUNDLE_IDENTIFIER = com.ryan.MacLaunch;
				PRODUCT_NAME = "$(TARGET_NAME)";
				REGISTER_APP_GROUPS = NO;
				SWIFT_EMIT_LOC_STRINGS = YES;
				SWIFT_VERSION = 6.0;
			};
			name = Release;
		};
/* End XCBuildConfiguration section */

/* Begin XCConfigurationList section */
		A00000000000000000000020 /* Build configuration list for PBXProject "MacLaunch" */ = {
			isa = XCConfigurationList;
			buildConfigurations = (
				A00000000000000000000021 /* Debug */,
				A00000000000000000000022 /* Release */,
			);
			defaultConfigurationIsVisible = 0;
			defaultConfigurationName = Release;
		};
		A00000000000000000000023 /* Build configuration list for PBXNativeTarget "MacLaunch" */ = {
			isa = XCConfigurationList;
			buildConfigurations = (
				A00000000000000000000024 /* Debug */,
				A00000000000000000000025 /* Release */,
			);
			defaultConfigurationIsVisible = 0;
			defaultConfigurationName = Release;
		};
/* End XCConfigurationList section */
	};
	rootObject = A0000000000000000000000F /* Project object */;
}
